
Microsoft Visual Studio Solution File, Format Version 12.00
# Visual Studio 15
Project("{FAE04EC0-301F-11D3-BF4B-00C04F79EFBC}") = "HospitalMirimRemasterDublagem", "HospitalMirimRemasterDublagem.csproj", "{36DE5DD5-BAC0-2F1E-7DA9-343069E590B6}"
EndProject
Project("{FAE04EC0-301F-11D3-BF4B-00C04F79EFBC}") = "HospitalMirimRemasterDublagem.Editor", "HospitalMirimRemasterDublagem.Editor.csproj", "{2DAF334C-5DFB-3BE2-B959-2053F4848EFC}"
EndProject
Global
	GlobalSection(SolutionConfigurationPlatforms) = preSolution
		Debug|Any CPU = Debug|Any CPU
		Release|Any CPU = Release|Any CPU
	EndGlobalSection
	GlobalSection(ProjectConfigurationPlatforms) = postSolution
		{36DE5DD5-BAC0-2F1E-7DA9-343069E590B6}.Debug|Any CPU.ActiveCfg = Debug|Any CPU
		{36DE5DD5-BAC0-2F1E-7DA9-343069E590B6}.Debug|Any CPU.Build.0 = Debug|Any CPU
		{36DE5DD5-BAC0-2F1E-7DA9-343069E590B6}.Release|Any CPU.ActiveCfg = Release|Any CPU
		{36DE5DD5-BAC0-2F1E-7DA9-343069E590B6}.Release|Any CPU.Build.0 = Release|Any CPU
		{2DAF334C-5DFB-3BE2-B959-2053F4848EFC}.Debug|Any CPU.ActiveCfg = Debug|Any CPU
		{2DAF334C-5DFB-3BE2-B959-2053F4848EFC}.Debug|Any CPU.Build.0 = Debug|Any CPU
		{2DAF334C-5DFB-3BE2-B959-2053F4848EFC}.Release|Any CPU.ActiveCfg = Release|Any CPU
		{2DAF334C-5DFB-3BE2-B959-2053F4848EFC}.Release|Any CPU.Build.0 = Release|Any CPU
	EndGlobalSection
	GlobalSection(SolutionProperties) = preSolution
		HideSolutionNode = FALSE
	EndGlobalSection
EndGlobal
